
Microsoft Visual Studio Solution File, Format Version 12.00
# Visual Studio Version 17
VisualStudioVersion = 17.14.37216.2 d17.14
MinimumVisualStudioVersion = 10.0.40219.1
Project("{FAE04EC0-301F-11D3-BF4B-00C04F79EFBC}") = "AINovel", "AINovel.csproj", "{D67BADE0-6ED3-4B14-A35F-931F335DD4A6}"
EndProject
Global
	GlobalSection(SolutionConfigurationPlatforms) = preSolution
		Debug|Any CPU = Debug|Any CPU
		Release|Any CPU = Release|Any CPU
	EndGlobalSection
	GlobalSection(ProjectConfigurationPlatforms) = postSolution
		{D67BADE0-6ED3-4B14-A35F-931F335DD4A6}.Debug|Any CPU.ActiveCfg = Debug|Any CPU
		{D67BADE0-6ED3-4B14-A35F-931F335DD4A6}.Debug|Any CPU.Build.0 = Debug|Any CPU
		{D67BADE0-6ED3-4B14-A35F-931F335DD4A6}.Release|Any CPU.ActiveCfg = Release|Any CPU
		{D67BADE0-6ED3-4B14-A35F-931F335DD4A6}.Release|Any CPU.Build.0 = Release|Any CPU
	EndGlobalSection
	GlobalSection(SolutionProperties) = preSolution
		HideSolutionNode = FALSE
	EndGlobalSection
	GlobalSection(ExtensibilityGlobals) = postSolution
		SolutionGuid = {F0478698-702D-4EF4-9BE5-743FCEA2D0C6}
	EndGlobalSection
EndGlobal
